<?xml version="1.0" encoding="utf-8"?>
<Project ToolsVersion="4.0" xmlns="http://schemas.microsoft.com/developer/msbuild/2003">
  <ItemGroup>
    <Filter Include="Исходные файлы">
      <UniqueIdentifier>{4FC737F1-C7A5-4376-A066-2A32D752A2FF}</UniqueIdentifier>
      <Extensions>cpp;c;cc;cxx;c++;cppm;ixx;def;odl;idl;hpj;bat;asm;asmx</Extensions>
    </Filter>
    <Filter Include="Файлы заголовков">
      <UniqueIdentifier>{93995380-89BD-4b04-88EB-625FBE52EBFB}</UniqueIdentifier>
      <Extensions>h;hh;hpp;hxx;h++;hm;inl;inc;ipp;xsd</Extensions>
    </Filter>
    <Filter Include="Файлы ресурсов">
      <UniqueIdentifier>{67DA6AB6-F800-4c08-8B7A-83BB121AAD01}</UniqueIdentifier>
      <Extensions>rc;ico;cur;bmp;dlg;rc2;rct;bin;rgs;gif;jpg;jpeg;jpe;resx;tiff;tif;png;wav;mfcribbon-ms</Extensions>
    </Filter>
    <Filter Include="Файлы заголовков\FlatArray">
      <UniqueIdentifier>{136f3a72-cfa8-4308-9236-1d800d295554}</UniqueIdentifier>
    </Filter>
    <Filter Include="Исходные файлы\FlatArray">
      <UniqueIdentifier>{453588f2-28bb-4da5-9749-7d80c0ff81f6}</UniqueIdentifier>
    </Filter>
    <Filter Include="Исходные файлы\CaveGenerator">
      <UniqueIdentifier>{aa631813-d8e5-49d4-8788-bd2011320f80}</UniqueIdentifier>
    </Filter>
    <Filter Include="Файлы заголовков\CaveGenerator">
      <UniqueIdentifier>{30c4af90-e8e9-4220-8b75-b9644318ac2e}</UniqueIdentifier>
    </Filter>
    <Filter Include="Исходные файлы\modules">
      <UniqueIdentifier>{321143ca-be17-4fc4-88ae-5d28ef26925a}</UniqueIdentifier>
    </Filter>
  </ItemGroup>
  <ItemGroup>
    <ClCompile Include="ExternDLL.cpp">
      <Filter>Исходные файлы</Filter>
    </ClCompile>
    <ClCompile Include="src\cave_generator\CaveGenerator.cpp">
      <Filter>Исходные файлы\CaveGenerator</Filter>
    </ClCompile>
    <ClCompile Include="ForBenchmarks\CV_mt_wMTc_alt_sum.cpp">
      <Filter>Исходные файлы\FlatArray</Filter>
    </ClCompile>
    <ClCompile Include="ForBenchmarks\CV_base_alt_sum.cpp">
      <Filter>Исходные файлы\FlatArray</Filter>
    </ClCompile>
    <ClCompile Include="src\modules\SharedMemoryHelper.ixx">
      <Filter>Исходные файлы\modules</Filter>
    </ClCompile>
  </ItemGroup>
  <ItemGroup>
    <ClInclude Include="ExternDLL.h">
      <Filter>Файлы заголовков</Filter>
    </ClInclude>
    <ClInclude Include="resource.h">
      <Filter>Файлы заголовков</Filter>
    </ClInclude>
    <ClInclude Include="src\flat_array\FlatArray.hpp">
      <Filter>Файлы заголовков\FlatArray</Filter>
    </ClInclude>
    <ClInclude Include="src\cave_generator\CaveGenerator.hpp">
      <Filter>Файлы заголовков\CaveGenerator</Filter>
    </ClInclude>
    <ClInclude Include="ForBenchmarks\CV_base_alt_sum.hpp">
      <Filter>Файлы заголовков\FlatArray</Filter>
    </ClInclude>
    <ClInclude Include="ForBenchmarks\CV_mt_wMTc_alt_sum.hpp">
      <Filter>Файлы заголовков\FlatArray</Filter>
    </ClInclude>
  </ItemGroup>
  <ItemGroup>
    <ResourceCompile Include="C++DLL.rc">
      <Filter>Файлы ресурсов</Filter>
    </ResourceCompile>
  </ItemGroup>
</Project>